
Microsoft Visual Studio Solution File, Format Version 12.00
# Visual Studio Version 17
VisualStudioVersion = 17.13.35825.156 d17.13
MinimumVisualStudioVersion = 10.0.40219.1
Project("{FAE04EC0-301F-11D3-BF4B-00C04F79EFBC}") = "ClueServer", "ClueServer.csproj", "{3F8EAFFA-6460-4C83-A9BC-43C0F8873743}"
EndProject
Global
	GlobalSection(SolutionConfigurationPlatforms) = preSolution
		Debug|Any CPU = Debug|Any CPU
		Release|Any CPU = Release|Any CPU
	EndGlobalSection
	GlobalSection(ProjectConfigurationPlatforms) = postSolution
		{3F8EAFFA-6460-4C83-A9BC-43C0F8873743}.Debug|Any CPU.ActiveCfg = Debug|Any CPU
		{3F8EAFFA-6460-4C83-A9BC-43C0F8873743}.Debug|Any CPU.Build.0 = Debug|Any CPU
		{3F8EAFFA-6460-4C83-A9BC-43C0F8873743}.Release|Any CPU.ActiveCfg = Release|Any CPU
		{3F8EAFFA-6460-4C83-A9BC-43C0F8873743}.Release|Any CPU.Build.0 = Release|Any CPU
	EndGlobalSection
	GlobalSection(SolutionProperties) = preSolution
		HideSolutionNode = FALSE
	EndGlobalSection
	GlobalSection(ExtensibilityGlobals) = postSolution
		SolutionGuid = {78AF032F-52F6-4F8B-828B-98C67F1E51CA}
	EndGlobalSection
EndGlobal
